
Microsoft Visual Studio Solution File, Format Version 12.00
Project("{FAE04EC0-301F-11D3-BF4B-00C04F79EFBC}") = "UnicornTask", "UnicornTask\UnicornTask.csproj", "{2C3FB99A-2CCE-4855-A28D-9402DD0B2159}"
EndProject
Project("{FAE04EC0-301F-11D3-BF4B-00C04F79EFBC}") = "UnicornTask.Tests", "UnicornTask.Tests\UnicornTask.Tests.csproj", "{9F69D9C9-FFCF-4D6F-B2B0-6A79C366FF04}"
EndProject
Global
	GlobalSection(SolutionConfigurationPlatforms) = preSolution
		Debug|Any CPU = Debug|Any CPU
		Release|Any CPU = Release|Any CPU
	EndGlobalSection
	GlobalSection(ProjectConfigurationPlatforms) = postSolution
		{2C3FB99A-2CCE-4855-A28D-9402DD0B2159}.Debug|Any CPU.ActiveCfg = Debug|Any CPU
		{2C3FB99A-2CCE-4855-A28D-9402DD0B2159}.Debug|Any CPU.Build.0 = Debug|Any CPU
		{2C3FB99A-2CCE-4855-A28D-9402DD0B2159}.Release|Any CPU.ActiveCfg = Release|Any CPU
		{2C3FB99A-2CCE-4855-A28D-9402DD0B2159}.Release|Any CPU.Build.0 = Release|Any CPU
		{9F69D9C9-FFCF-4D6F-B2B0-6A79C366FF04}.Debug|Any CPU.ActiveCfg = Debug|Any CPU
		{9F69D9C9-FFCF-4D6F-B2B0-6A79C366FF04}.Debug|Any CPU.Build.0 = Debug|Any CPU
		{9F69D9C9-FFCF-4D6F-B2B0-6A79C366FF04}.Release|Any CPU.ActiveCfg = Release|Any CPU
		{9F69D9C9-FFCF-4D6F-B2B0-6A79C366FF04}.Release|Any CPU.Build.0 = Release|Any CPU
	EndGlobalSection
EndGlobal
